
Microsoft Visual Studio Solution File, Format Version 12.00
# Visual Studio Version 16
VisualStudioVersion = 16.0.31613.86
MinimumVisualStudioVersion = 10.0.40219.1
Project("{9A19103F-16F7-4668-BE54-9A1E7A4F7556}") = "rpcx.net.Shared", "Shared\rpcx.net.Shared.csproj", "{EFCC0A04-63DA-48B4-9D1F-5CE68FE8CC54}"
EndProject
Project("{9A19103F-16F7-4668-BE54-9A1E7A4F7556}") = "rpcx.net.Client", "Client\rpcx.net.Client.csproj", "{062D948D-9BEF-4006-B826-DFC88F82418C}"
EndProject
Project("{9A19103F-16F7-4668-BE54-9A1E7A4F7556}") = "examples", "examples\examples.csproj", "{C0A3771C-BDE4-4161-97C3-5A267F0C8A3E}"
EndProject
Global
	GlobalSection(SolutionConfigurationPlatforms) = preSolution
		Debug|Any CPU = Debug|Any CPU
		Release|Any CPU = Release|Any CPU
	EndGlobalSection
	GlobalSection(ProjectConfigurationPlatforms) = postSolution
		{EFCC0A04-63DA-48B4-9D1F-5CE68FE8CC54}.Debug|Any CPU.ActiveCfg = Debug|Any CPU
		{EFCC0A04-63DA-48B4-9D1F-5CE68FE8CC54}.Debug|Any CPU.Build.0 = Debug|Any CPU
		{EFCC0A04-63DA-48B4-9D1F-5CE68FE8CC54}.Release|Any CPU.ActiveCfg = Release|Any CPU
		{EFCC0A04-63DA-48B4-9D1F-5CE68FE8CC54}.Release|Any CPU.Build.0 = Release|Any CPU
		{062D948D-9BEF-4006-B826-DFC88F82418C}.Debug|Any CPU.ActiveCfg = Debug|Any CPU
		{062D948D-9BEF-4006-B826-DFC88F82418C}.Debug|Any CPU.Build.0 = Debug|Any CPU
		{062D948D-9BEF-4006-B826-DFC88F82418C}.Release|Any CPU.ActiveCfg = Release|Any CPU
		{062D948D-9BEF-4006-B826-DFC88F82418C}.Release|Any CPU.Build.0 = Release|Any CPU
		{C0A3771C-BDE4-4161-97C3-5A267F0C8A3E}.Debug|Any CPU.ActiveCfg = Debug|Any CPU
		{C0A3771C-BDE4-4161-97C3-5A267F0C8A3E}.Debug|Any CPU.Build.0 = Debug|Any CPU
		{C0A3771C-BDE4-4161-97C3-5A267F0C8A3E}.Release|Any CPU.ActiveCfg = Release|Any CPU
		{C0A3771C-BDE4-4161-97C3-5A267F0C8A3E}.Release|Any CPU.Build.0 = Release|Any CPU
	EndGlobalSection
	GlobalSection(SolutionProperties) = preSolution
		HideSolutionNode = FALSE
	EndGlobalSection
	GlobalSection(ExtensibilityGlobals) = postSolution
		SolutionGuid = {9C857D0A-2638-488E-A53C-651B35F62520}
	EndGlobalSection
EndGlobal
